
Microsoft Visual Studio Solution File, Format Version 12.00
Project("{FAE04EC0-301F-11D3-BF4B-00C04F79EFBC}") = "AdventOfCode", "AdventOfCode\AdventOfCode.csproj", "{A28921D2-12B1-40E0-9A34-20A9B991F758}"
EndProject
Global
	GlobalSection(SolutionConfigurationPlatforms) = preSolution
		Debug|Any CPU = Debug|Any CPU
		Release|Any CPU = Release|Any CPU
	EndGlobalSection
	GlobalSection(ProjectConfigurationPlatforms) = postSolution
		{A28921D2-12B1-40E0-9A34-20A9B991F758}.Debug|Any CPU.ActiveCfg = Debug|Any CPU
		{A28921D2-12B1-40E0-9A34-20A9B991F758}.Debug|Any CPU.Build.0 = Debug|Any CPU
		{A28921D2-12B1-40E0-9A34-20A9B991F758}.Release|Any CPU.ActiveCfg = Release|Any CPU
		{A28921D2-12B1-40E0-9A34-20A9B991F758}.Release|Any CPU.Build.0 = Release|Any CPU
	EndGlobalSection
EndGlobal
